
Microsoft Visual Studio Solution File, Format Version 12.00
# Visual Studio Version 16
VisualStudioVersion = 16.0.31702.278
MinimumVisualStudioVersion = 10.0.40219.1
Project("{FAE04EC0-301F-11D3-BF4B-00C04F79EFBC}") = "Demo-CORS", "Demo-CORS.csproj", "{CD0ECBAC-DD92-491E-9B53-FAE8864E81FF}"
EndProject
Global
	GlobalSection(SolutionConfigurationPlatforms) = preSolution
		Debug|Any CPU = Debug|Any CPU
		Release|Any CPU = Release|Any CPU
	EndGlobalSection
	GlobalSection(ProjectConfigurationPlatforms) = postSolution
		{CD0ECBAC-DD92-491E-9B53-FAE8864E81FF}.Debug|Any CPU.ActiveCfg = Debug|Any CPU
		{CD0ECBAC-DD92-491E-9B53-FAE8864E81FF}.Debug|Any CPU.Build.0 = Debug|Any CPU
		{CD0ECBAC-DD92-491E-9B53-FAE8864E81FF}.Release|Any CPU.ActiveCfg = Release|Any CPU
		{CD0ECBAC-DD92-491E-9B53-FAE8864E81FF}.Release|Any CPU.Build.0 = Release|Any CPU
	EndGlobalSection
	GlobalSection(SolutionProperties) = preSolution
		HideSolutionNode = FALSE
	EndGlobalSection
	GlobalSection(ExtensibilityGlobals) = postSolution
		SolutionGuid = {6BA6C571-F5E0-4DE9-B2D0-E90D69FDAAA3}
	EndGlobalSection
EndGlobal
